
Microsoft Visual Studio Solution File, Format Version 12.00
# Visual Studio Version 16
VisualStudioVersion = 16.0.32630.194
MinimumVisualStudioVersion = 10.0.40219.1
Project("{FAE04EC0-301F-11D3-BF4B-00C04F79EFBC}") = "exercicio de fixação", "exercicio de fixação\exercicio de fixação.csproj", "{28616FDF-CDE4-460E-B2A4-98AA700F353F}"
EndProject
Global
	GlobalSection(SolutionConfigurationPlatforms) = preSolution
		Debug|Any CPU = Debug|Any CPU
		Release|Any CPU = Release|Any CPU
	EndGlobalSection
	GlobalSection(ProjectConfigurationPlatforms) = postSolution
		{28616FDF-CDE4-460E-B2A4-98AA700F353F}.Debug|Any CPU.ActiveCfg = Debug|Any CPU
		{28616FDF-CDE4-460E-B2A4-98AA700F353F}.Debug|Any CPU.Build.0 = Debug|Any CPU
		{28616FDF-CDE4-460E-B2A4-98AA700F353F}.Release|Any CPU.ActiveCfg = Release|Any CPU
		{28616FDF-CDE4-460E-B2A4-98AA700F353F}.Release|Any CPU.Build.0 = Release|Any CPU
	EndGlobalSection
	GlobalSection(SolutionProperties) = preSolution
		HideSolutionNode = FALSE
	EndGlobalSection
	GlobalSection(ExtensibilityGlobals) = postSolution
		SolutionGuid = {2707098A-8BA2-4717-A01E-3AF6FD3F9385}
	EndGlobalSection
EndGlobal
